
Microsoft Visual Studio Solution File, Format Version 12.00
# Visual Studio Version 17
VisualStudioVersion = 17.0.31912.275
MinimumVisualStudioVersion = 10.0.40219.1
Project("{8BC9CEB8-8B4A-11D0-8D11-00A0C91BC942}") = "Drill_MovingMountainMaze", "Drill_MovingMountainMaze\Drill_MovingMountainMaze.vcxproj", "{D3B87B43-CB21-4518-8B47-F48EF107891F}"
EndProject
Global
	GlobalSection(SolutionConfigurationPlatforms) = preSolution
		Debug|x64 = Debug|x64
		Debug|x86 = Debug|x86
		Release|x64 = Release|x64
		Release|x86 = Release|x86
	EndGlobalSection
	GlobalSection(ProjectConfigurationPlatforms) = postSolution
		{D3B87B43-CB21-4518-8B47-F48EF107891F}.Debug|x64.ActiveCfg = Debug|x64
		{D3B87B43-CB21-4518-8B47-F48EF107891F}.Debug|x64.Build.0 = Debug|x64
		{D3B87B43-CB21-4518-8B47-F48EF107891F}.Debug|x86.ActiveCfg = Debug|Win32
		{D3B87B43-CB21-4518-8B47-F48EF107891F}.Debug|x86.Build.0 = Debug|Win32
		{D3B87B43-CB21-4518-8B47-F48EF107891F}.Release|x64.ActiveCfg = Release|x64
		{D3B87B43-CB21-4518-8B47-F48EF107891F}.Release|x64.Build.0 = Release|x64
		{D3B87B43-CB21-4518-8B47-F48EF107891F}.Release|x86.ActiveCfg = Release|Win32
		{D3B87B43-CB21-4518-8B47-F48EF107891F}.Release|x86.Build.0 = Release|Win32
	EndGlobalSection
	GlobalSection(SolutionProperties) = preSolution
		HideSolutionNode = FALSE
	EndGlobalSection
	GlobalSection(ExtensibilityGlobals) = postSolution
		SolutionGuid = {26C1693E-0867-4D5A-BF9D-A574CE6DBE45}
	EndGlobalSection
EndGlobal
